
Microsoft Visual Studio Solution File, Format Version 12.00
# Visual Studio Version 17
VisualStudioVersion = 17.12.35728.132 d17.12
MinimumVisualStudioVersion = 10.0.40219.1
Project("{FAE04EC0-301F-11D3-BF4B-00C04F79EFBC}") = "Kurs", "Kurs\Kurs.csproj", "{1D4B82D6-9EB7-48E6-A554-2515EDF57098}"
EndProject
Project("{FAE04EC0-301F-11D3-BF4B-00C04F79EFBC}") = "KursCore", "KursCore\KursCore.csproj", "{E64F3A8C-D1E7-4314-911A-1E0888FCE36E}"
EndProject
Project("{FAE04EC0-301F-11D3-BF4B-00C04F79EFBC}") = "KursComServer", "KursComServer\KursComServer.csproj", "{8A64B70D-1919-432A-BFC2-4AA96C0642E5}"
EndProject
Project("{FAE04EC0-301F-11D3-BF4B-00C04F79EFBC}") = "UIHelpers", "UIHelpers\UIHelpers.csproj", "{7D838740-6A05-4280-8A01-F5CD1D106F9B}"
EndProject
Global
	GlobalSection(SolutionConfigurationPlatforms) = preSolution
		Debug|Any CPU = Debug|Any CPU
		Release|Any CPU = Release|Any CPU
	EndGlobalSection
	GlobalSection(ProjectConfigurationPlatforms) = postSolution
		{1D4B82D6-9EB7-48E6-A554-2515EDF57098}.Debug|Any CPU.ActiveCfg = Debug|Any CPU
		{1D4B82D6-9EB7-48E6-A554-2515EDF57098}.Debug|Any CPU.Build.0 = Debug|Any CPU
		{1D4B82D6-9EB7-48E6-A554-2515EDF57098}.Release|Any CPU.ActiveCfg = Release|Any CPU
		{1D4B82D6-9EB7-48E6-A554-2515EDF57098}.Release|Any CPU.Build.0 = Release|Any CPU
		{E64F3A8C-D1E7-4314-911A-1E0888FCE36E}.Debug|Any CPU.ActiveCfg = Debug|Any CPU
		{E64F3A8C-D1E7-4314-911A-1E0888FCE36E}.Debug|Any CPU.Build.0 = Debug|Any CPU
		{E64F3A8C-D1E7-4314-911A-1E0888FCE36E}.Release|Any CPU.ActiveCfg = Release|Any CPU
		{E64F3A8C-D1E7-4314-911A-1E0888FCE36E}.Release|Any CPU.Build.0 = Release|Any CPU
		{8A64B70D-1919-432A-BFC2-4AA96C0642E5}.Debug|Any CPU.ActiveCfg = Debug|Any CPU
		{8A64B70D-1919-432A-BFC2-4AA96C0642E5}.Debug|Any CPU.Build.0 = Debug|Any CPU
		{8A64B70D-1919-432A-BFC2-4AA96C0642E5}.Release|Any CPU.ActiveCfg = Release|Any CPU
		{8A64B70D-1919-432A-BFC2-4AA96C0642E5}.Release|Any CPU.Build.0 = Release|Any CPU
		{7D838740-6A05-4280-8A01-F5CD1D106F9B}.Debug|Any CPU.ActiveCfg = Debug|Any CPU
		{7D838740-6A05-4280-8A01-F5CD1D106F9B}.Debug|Any CPU.Build.0 = Debug|Any CPU
		{7D838740-6A05-4280-8A01-F5CD1D106F9B}.Release|Any CPU.ActiveCfg = Release|Any CPU
		{7D838740-6A05-4280-8A01-F5CD1D106F9B}.Release|Any CPU.Build.0 = Release|Any CPU
	EndGlobalSection
	GlobalSection(SolutionProperties) = preSolution
		HideSolutionNode = FALSE
	EndGlobalSection
EndGlobal
